
Microsoft Visual Studio Solution File, Format Version 12.00
# Visual Studio Version 17
VisualStudioVersion = 17.9.34622.214
MinimumVisualStudioVersion = 10.0.40219.1
Project("{8BC9CEB8-8B4A-11D0-8D11-00A0C91BC942}") = "036SSAO", "036SSAO.vcxproj", "{A6E628B5-5CC3-4714-917C-C66BDCBC9F94}"
EndProject
Global
	GlobalSection(SolutionConfigurationPlatforms) = preSolution
		Debug|x64 = Debug|x64
		Debug|x86 = Debug|x86
		Release|x64 = Release|x64
		Release|x86 = Release|x86
	EndGlobalSection
	GlobalSection(ProjectConfigurationPlatforms) = postSolution
		{A6E628B5-5CC3-4714-917C-C66BDCBC9F94}.Debug|x64.ActiveCfg = Debug|x64
		{A6E628B5-5CC3-4714-917C-C66BDCBC9F94}.Debug|x64.Build.0 = Debug|x64
		{A6E628B5-5CC3-4714-917C-C66BDCBC9F94}.Debug|x86.ActiveCfg = Debug|Win32
		{A6E628B5-5CC3-4714-917C-C66BDCBC9F94}.Debug|x86.Build.0 = Debug|Win32
		{A6E628B5-5CC3-4714-917C-C66BDCBC9F94}.Release|x64.ActiveCfg = Release|x64
		{A6E628B5-5CC3-4714-917C-C66BDCBC9F94}.Release|x64.Build.0 = Release|x64
		{A6E628B5-5CC3-4714-917C-C66BDCBC9F94}.Release|x86.ActiveCfg = Release|Win32
		{A6E628B5-5CC3-4714-917C-C66BDCBC9F94}.Release|x86.Build.0 = Release|Win32
	EndGlobalSection
	GlobalSection(SolutionProperties) = preSolution
		HideSolutionNode = FALSE
	EndGlobalSection
	GlobalSection(ExtensibilityGlobals) = postSolution
		SolutionGuid = {A24E0EA0-664A-462D-914B-DC8D6E45ED60}
	EndGlobalSection
EndGlobal
