
Microsoft Visual Studio Solution File, Format Version 12.00
# Visual Studio Version 17
VisualStudioVersion = 17.9.34622.214
MinimumVisualStudioVersion = 10.0.40219.1
Project("{8BC9CEB8-8B4A-11D0-8D11-00A0C91BC942}") = "023AdvancedGLSL", "023AdvancedGLSL.vcxproj", "{8253EDA3-8EFB-4359-A6C3-82D91507B049}"
EndProject
Global
	GlobalSection(SolutionConfigurationPlatforms) = preSolution
		Debug|x64 = Debug|x64
		Debug|x86 = Debug|x86
		Release|x64 = Release|x64
		Release|x86 = Release|x86
	EndGlobalSection
	GlobalSection(ProjectConfigurationPlatforms) = postSolution
		{8253EDA3-8EFB-4359-A6C3-82D91507B049}.Debug|x64.ActiveCfg = Debug|x64
		{8253EDA3-8EFB-4359-A6C3-82D91507B049}.Debug|x64.Build.0 = Debug|x64
		{8253EDA3-8EFB-4359-A6C3-82D91507B049}.Debug|x86.ActiveCfg = Debug|Win32
		{8253EDA3-8EFB-4359-A6C3-82D91507B049}.Debug|x86.Build.0 = Debug|Win32
		{8253EDA3-8EFB-4359-A6C3-82D91507B049}.Release|x64.ActiveCfg = Release|x64
		{8253EDA3-8EFB-4359-A6C3-82D91507B049}.Release|x64.Build.0 = Release|x64
		{8253EDA3-8EFB-4359-A6C3-82D91507B049}.Release|x86.ActiveCfg = Release|Win32
		{8253EDA3-8EFB-4359-A6C3-82D91507B049}.Release|x86.Build.0 = Release|Win32
	EndGlobalSection
	GlobalSection(SolutionProperties) = preSolution
		HideSolutionNode = FALSE
	EndGlobalSection
	GlobalSection(ExtensibilityGlobals) = postSolution
		SolutionGuid = {4A59413D-2ADB-4CCF-A97B-22CF5CBBCD4E}
	EndGlobalSection
EndGlobal
