
Microsoft Visual Studio Solution File, Format Version 12.00
# Visual Studio Version 17
VisualStudioVersion = 17.9.34622.214
MinimumVisualStudioVersion = 10.0.40219.1
Project("{8BC9CEB8-8B4A-11D0-8D11-00A0C91BC942}") = "002CreateTriangle", "002CreateTriangle.vcxproj", "{F49D18B6-49A2-4173-A7AB-08118560A9C0}"
EndProject
Global
	GlobalSection(SolutionConfigurationPlatforms) = preSolution
		Debug|x64 = Debug|x64
		Debug|x86 = Debug|x86
		Release|x64 = Release|x64
		Release|x86 = Release|x86
	EndGlobalSection
	GlobalSection(ProjectConfigurationPlatforms) = postSolution
		{F49D18B6-49A2-4173-A7AB-08118560A9C0}.Debug|x64.ActiveCfg = Debug|x64
		{F49D18B6-49A2-4173-A7AB-08118560A9C0}.Debug|x64.Build.0 = Debug|x64
		{F49D18B6-49A2-4173-A7AB-08118560A9C0}.Debug|x86.ActiveCfg = Debug|Win32
		{F49D18B6-49A2-4173-A7AB-08118560A9C0}.Debug|x86.Build.0 = Debug|Win32
		{F49D18B6-49A2-4173-A7AB-08118560A9C0}.Release|x64.ActiveCfg = Release|x64
		{F49D18B6-49A2-4173-A7AB-08118560A9C0}.Release|x64.Build.0 = Release|x64
		{F49D18B6-49A2-4173-A7AB-08118560A9C0}.Release|x86.ActiveCfg = Release|Win32
		{F49D18B6-49A2-4173-A7AB-08118560A9C0}.Release|x86.Build.0 = Release|Win32
	EndGlobalSection
	GlobalSection(SolutionProperties) = preSolution
		HideSolutionNode = FALSE
	EndGlobalSection
	GlobalSection(ExtensibilityGlobals) = postSolution
		SolutionGuid = {11DAB2FD-A462-4BB7-A06B-659FA2DBBA6F}
	EndGlobalSection
EndGlobal
