<?xml version="1.0" encoding="utf-8"?>
<Project ToolsVersion="4.0" xmlns="http://schemas.microsoft.com/developer/msbuild/2003">
  <ItemGroup>
    <Filter Include="Source Files">
      <UniqueIdentifier>{4FC737F1-C7A5-4376-A066-2A32D752A2FF}</UniqueIdentifier>
      <Extensions>cpp;c;cc;cxx;c++;cppm;ixx;def;odl;idl;hpj;bat;asm;asmx</Extensions>
    </Filter>
    <Filter Include="Header Files">
      <UniqueIdentifier>{93995380-89BD-4b04-88EB-625FBE52EBFB}</UniqueIdentifier>
      <Extensions>h;hh;hpp;hxx;h++;hm;inl;inc;ipp;xsd</Extensions>
    </Filter>
    <Filter Include="Resource Files">
      <UniqueIdentifier>{67DA6AB6-F800-4c08-8B7A-83BB121AAD01}</UniqueIdentifier>
      <Extensions>rc;ico;cur;bmp;dlg;rc2;rct;bin;rgs;gif;jpg;jpeg;jpe;resx;tiff;tif;png;wav;mfcribbon-ms</Extensions>
    </Filter>
    <Filter Include="Shader">
      <UniqueIdentifier>{3dc7936c-0816-4be4-b193-b9d2e7e3a37f}</UniqueIdentifier>
    </Filter>
    <Filter Include="Dependency Src">
      <UniqueIdentifier>{cace0b0f-7036-45db-b375-3b8b08c82865}</UniqueIdentifier>
    </Filter>
  </ItemGroup>
  <ItemGroup>
    <ClInclude Include="Camera.h">
      <Filter>Header Files</Filter>
    </ClInclude>
    <ClInclude Include="common.h">
      <Filter>Header Files</Filter>
    </ClInclude>
    <ClInclude Include="Mesh.h">
      <Filter>Header Files</Filter>
    </ClInclude>
    <ClInclude Include="Model.h">
      <Filter>Header Files</Filter>
    </ClInclude>
    <ClInclude Include="Scene.h">
      <Filter>Header Files</Filter>
    </ClInclude>
    <ClInclude Include="Shader.h">
      <Filter>Header Files</Filter>
    </ClInclude>
    <ClInclude Include="VertexData.h">
      <Filter>Header Files</Filter>
    </ClInclude>
  </ItemGroup>
  <ItemGroup>
    <None Include="ShaderCubemap.fs">
      <Filter>Shader</Filter>
    </None>
    <None Include="ShaderCubemap.vs">
      <Filter>Shader</Filter>
    </None>
    <None Include="ShaderGeometryTest.fs">
      <Filter>Shader</Filter>
    </None>
    <None Include="ShaderGeometryTest.gs">
      <Filter>Shader</Filter>
    </None>
    <None Include="ShaderGeometryTest.vs">
      <Filter>Shader</Filter>
    </None>
    <None Include="ShaderLighting.fs">
      <Filter>Shader</Filter>
    </None>
    <None Include="ShaderLighting.gs">
      <Filter>Shader</Filter>
    </None>
    <None Include="ShaderLighting.vs">
      <Filter>Shader</Filter>
    </None>
    <None Include="ShaderNormal.fs">
      <Filter>Shader</Filter>
    </None>
    <None Include="ShaderNormal.gs">
      <Filter>Shader</Filter>
    </None>
    <None Include="ShaderNormal.vs">
      <Filter>Shader</Filter>
    </None>
    <None Include="ShaderPostProcess.fs">
      <Filter>Shader</Filter>
    </None>
    <None Include="ShaderPostProcess.vs">
      <Filter>Shader</Filter>
    </None>
    <None Include="ShaderReflection.fs">
      <Filter>Shader</Filter>
    </None>
    <None Include="ShaderReflection.vs">
      <Filter>Shader</Filter>
    </None>
    <None Include="ShaderRefraction.fs">
      <Filter>Shader</Filter>
    </None>
    <None Include="ShaderRefraction.vs">
      <Filter>Shader</Filter>
    </None>
    <None Include="ShaderInstance.vs">
      <Filter>Shader</Filter>
    </None>
    <None Include="ShaderInstance.fs">
      <Filter>Shader</Filter>
    </None>
    <None Include="ShaderLightingInstance.fs">
      <Filter>Shader</Filter>
    </None>
    <None Include="ShaderLightingInstance.gs">
      <Filter>Shader</Filter>
    </None>
    <None Include="ShaderLightingInstance.vs">
      <Filter>Shader</Filter>
    </None>
  </ItemGroup>
  <ItemGroup>
    <ClCompile Include="..\Dependency\Src\glad\src\glad.c">
      <Filter>Dependency Src</Filter>
    </ClCompile>
    <ClCompile Include="..\Dependency\Src\imgui\imgui_impl_opengl3.cpp">
      <Filter>Dependency Src</Filter>
    </ClCompile>
    <ClCompile Include="..\Dependency\Src\imgui\imgui_widgets.cpp">
      <Filter>Dependency Src</Filter>
    </ClCompile>
    <ClCompile Include="..\Dependency\Src\imgui\imgui.cpp">
      <Filter>Dependency Src</Filter>
    </ClCompile>
    <ClCompile Include="..\Dependency\Src\imgui\imgui_demo.cpp">
      <Filter>Dependency Src</Filter>
    </ClCompile>
    <ClCompile Include="..\Dependency\Src\imgui\imgui_draw.cpp">
      <Filter>Dependency Src</Filter>
    </ClCompile>
    <ClCompile Include="..\Dependency\Src\imgui\imgui_impl_glfw.cpp">
      <Filter>Dependency Src</Filter>
    </ClCompile>
    <ClCompile Include="..\Dependency\Src\imgui\imgui_tables.cpp">
      <Filter>Dependency Src</Filter>
    </ClCompile>
    <ClCompile Include="Instancing.cpp">
      <Filter>Source Files</Filter>
    </ClCompile>
  </ItemGroup>
</Project>